
Microsoft Visual Studio Solution File, Format Version 12.00
# Visual Studio Version 17
VisualStudioVersion = 17.14.37203.1 d17.14
MinimumVisualStudioVersion = 10.0.40219.1
Project("{FAE04EC0-301F-11D3-BF4B-00C04F79EFBC}") = "fotodate", "fotodate\fotodate.csproj", "{904BAEC3-87B9-40E3-AFFE-691CD5FB0DBC}"
EndProject
Global
	GlobalSection(SolutionConfigurationPlatforms) = preSolution
		Debug|Any CPU = Debug|Any CPU
		Release|Any CPU = Release|Any CPU
	EndGlobalSection
	GlobalSection(ProjectConfigurationPlatforms) = postSolution
		{904BAEC3-87B9-40E3-AFFE-691CD5FB0DBC}.Debug|Any CPU.ActiveCfg = Debug|Any CPU
		{904BAEC3-87B9-40E3-AFFE-691CD5FB0DBC}.Debug|Any CPU.Build.0 = Debug|Any CPU
		{904BAEC3-87B9-40E3-AFFE-691CD5FB0DBC}.Release|Any CPU.ActiveCfg = Release|Any CPU
		{904BAEC3-87B9-40E3-AFFE-691CD5FB0DBC}.Release|Any CPU.Build.0 = Release|Any CPU
	EndGlobalSection
	GlobalSection(SolutionProperties) = preSolution
		HideSolutionNode = FALSE
	EndGlobalSection
	GlobalSection(ExtensibilityGlobals) = postSolution
		SolutionGuid = {766C7412-7A7F-4EC0-92EF-E71F284BF906}
	EndGlobalSection
EndGlobal
